
Microsoft Visual Studio Solution File, Format Version 12.00
# Visual Studio 2012
Project("{FAE04EC0-301F-11D3-BF4B-00C04F79EFBC}") = "MapBoxTest", "MapBoxTest\MapBoxTest.csproj", "{1C87EB77-42B4-4607-9AD5-26EDF01E1B81}"
EndProject
Global
	GlobalSection(SolutionConfigurationPlatforms) = preSolution
		Debug|Any CPU = Debug|Any CPU
		Release|Any CPU = Release|Any CPU
	EndGlobalSection
	GlobalSection(ProjectConfigurationPlatforms) = postSolution
		{1C87EB77-42B4-4607-9AD5-26EDF01E1B81}.Debug|Any CPU.ActiveCfg = Debug|Any CPU
		{1C87EB77-42B4-4607-9AD5-26EDF01E1B81}.Debug|Any CPU.Build.0 = Debug|Any CPU
		{1C87EB77-42B4-4607-9AD5-26EDF01E1B81}.Release|Any CPU.ActiveCfg = Release|Any CPU
		{1C87EB77-42B4-4607-9AD5-26EDF01E1B81}.Release|Any CPU.Build.0 = Release|Any CPU
	EndGlobalSection
	GlobalSection(SolutionProperties) = preSolution
		HideSolutionNode = FALSE
	EndGlobalSection
EndGlobal
